
Microsoft Visual Studio Solution File, Format Version 12.00
# Visual Studio Version 16
VisualStudioVersion = 16.0.30803.129
MinimumVisualStudioVersion = 10.0.40219.1
Project("{9A19103F-16F7-4668-BE54-9A1E7A4F7556}") = "Groffe.Distancias", "Groffe.Distancias.csproj", "{F72B014B-6428-4D1B-89B2-245CD0F4746B}"
EndProject
Project("{9A19103F-16F7-4668-BE54-9A1E7A4F7556}") = "Groffe.Distancias.Testes", "..\Groffe.Distancias.Testes\Groffe.Distancias.Testes.csproj", "{1EAAF0E8-2DDA-4538-A9B0-1C11D36555DA}"
EndProject
Global
	GlobalSection(SolutionConfigurationPlatforms) = preSolution
		Debug|Any CPU = Debug|Any CPU
		Release|Any CPU = Release|Any CPU
	EndGlobalSection
	GlobalSection(ProjectConfigurationPlatforms) = postSolution
		{F72B014B-6428-4D1B-89B2-245CD0F4746B}.Debug|Any CPU.ActiveCfg = Debug|Any CPU
		{F72B014B-6428-4D1B-89B2-245CD0F4746B}.Debug|Any CPU.Build.0 = Debug|Any CPU
		{F72B014B-6428-4D1B-89B2-245CD0F4746B}.Release|Any CPU.ActiveCfg = Release|Any CPU
		{F72B014B-6428-4D1B-89B2-245CD0F4746B}.Release|Any CPU.Build.0 = Release|Any CPU
		{1EAAF0E8-2DDA-4538-A9B0-1C11D36555DA}.Debug|Any CPU.ActiveCfg = Debug|Any CPU
		{1EAAF0E8-2DDA-4538-A9B0-1C11D36555DA}.Debug|Any CPU.Build.0 = Debug|Any CPU
		{1EAAF0E8-2DDA-4538-A9B0-1C11D36555DA}.Release|Any CPU.ActiveCfg = Release|Any CPU
		{1EAAF0E8-2DDA-4538-A9B0-1C11D36555DA}.Release|Any CPU.Build.0 = Release|Any CPU
	EndGlobalSection
	GlobalSection(SolutionProperties) = preSolution
		HideSolutionNode = FALSE
	EndGlobalSection
	GlobalSection(ExtensibilityGlobals) = postSolution
		SolutionGuid = {AFA27697-46CA-4695-A603-2CC39236616B}
	EndGlobalSection
EndGlobal
